
Microsoft Visual Studio Solution File, Format Version 12.00
# Visual Studio 15
VisualStudioVersion = 15.0.28307.329
MinimumVisualStudioVersion = 10.0.40219.1
Project("{FAE04EC0-301F-11D3-BF4B-00C04F79EFBC}") = "Brick Breaker", "Brick Breaker\Brick Breaker.csproj", "{B356010C-6244-446E-974F-3FB44BC9DFC4}"
EndProject
Global
	GlobalSection(SolutionConfigurationPlatforms) = preSolution
		Debug|x86 = Debug|x86
		Release|x86 = Release|x86
	EndGlobalSection
	GlobalSection(ProjectConfigurationPlatforms) = postSolution
		{B356010C-6244-446E-974F-3FB44BC9DFC4}.Debug|x86.ActiveCfg = Debug|x86
		{B356010C-6244-446E-974F-3FB44BC9DFC4}.Debug|x86.Build.0 = Debug|x86
		{B356010C-6244-446E-974F-3FB44BC9DFC4}.Release|x86.ActiveCfg = Release|x86
		{B356010C-6244-446E-974F-3FB44BC9DFC4}.Release|x86.Build.0 = Release|x86
	EndGlobalSection
	GlobalSection(SolutionProperties) = preSolution
		HideSolutionNode = FALSE
	EndGlobalSection
	GlobalSection(ExtensibilityGlobals) = postSolution
		SolutionGuid = {98609AA0-8AB6-4108-A47B-78E272E08A72}
	EndGlobalSection
EndGlobal
